
Microsoft Visual Studio Solution File, Format Version 12.00
# Visual Studio 15
VisualStudioVersion = 15.0.28010.2019
MinimumVisualStudioVersion = 10.0.40219.1
Project("{FAE04EC0-301F-11D3-BF4B-00C04F79EFBC}") = "LuckySeven", "LuckySeven\LuckySeven.csproj", "{2AA6B1D2-D5E3-4707-A9CB-21AFA995FEE8}"
EndProject
Global
	GlobalSection(SolutionConfigurationPlatforms) = preSolution
		Debug|Any CPU = Debug|Any CPU
		Release|Any CPU = Release|Any CPU
	EndGlobalSection
	GlobalSection(ProjectConfigurationPlatforms) = postSolution
		{2AA6B1D2-D5E3-4707-A9CB-21AFA995FEE8}.Debug|Any CPU.ActiveCfg = Debug|Any CPU
		{2AA6B1D2-D5E3-4707-A9CB-21AFA995FEE8}.Debug|Any CPU.Build.0 = Debug|Any CPU
		{2AA6B1D2-D5E3-4707-A9CB-21AFA995FEE8}.Release|Any CPU.ActiveCfg = Release|Any CPU
		{2AA6B1D2-D5E3-4707-A9CB-21AFA995FEE8}.Release|Any CPU.Build.0 = Release|Any CPU
	EndGlobalSection
	GlobalSection(SolutionProperties) = preSolution
		HideSolutionNode = FALSE
	EndGlobalSection
	GlobalSection(ExtensibilityGlobals) = postSolution
		SolutionGuid = {5544597F-74E8-46F4-BAC9-3C078F33B8AA}
	EndGlobalSection
EndGlobal
